
Microsoft Visual Studio Solution File, Format Version 12.00
# Visual Studio 15
VisualStudioVersion = 15.0.28307.705
MinimumVisualStudioVersion = 10.0.40219.1
Project("{FAE04EC0-301F-11D3-BF4B-00C04F79EFBC}") = "FPrintWinExe", "FPrintWinExe.csproj", "{65D55A74-E294-418C-856D-60B31712A02A}"
	ProjectSection(ProjectDependencies) = postProject
		{2F606393-2FF3-4A16-B96D-44654A609E34} = {2F606393-2FF3-4A16-B96D-44654A609E34}
	EndProjectSection
EndProject
Project("{FAE04EC0-301F-11D3-BF4B-00C04F79EFBC}") = "FPrintWinDll", "..\..\FPrintWinDLL\FPrintWinDll.csproj", "{2F606393-2FF3-4A16-B96D-44654A609E34}"
EndProject
Global
	GlobalSection(SolutionConfigurationPlatforms) = preSolution
		Debug|Any CPU = Debug|Any CPU
		Release|Any CPU = Release|Any CPU
	EndGlobalSection
	GlobalSection(ProjectConfigurationPlatforms) = postSolution
		{65D55A74-E294-418C-856D-60B31712A02A}.Debug|Any CPU.ActiveCfg = Debug|Any CPU
		{65D55A74-E294-418C-856D-60B31712A02A}.Debug|Any CPU.Build.0 = Debug|Any CPU
		{65D55A74-E294-418C-856D-60B31712A02A}.Release|Any CPU.ActiveCfg = Release|Any CPU
		{65D55A74-E294-418C-856D-60B31712A02A}.Release|Any CPU.Build.0 = Release|Any CPU
	EndGlobalSection
	GlobalSection(SolutionProperties) = preSolution
		HideSolutionNode = FALSE
	EndGlobalSection
	GlobalSection(ExtensibilityGlobals) = postSolution
		SolutionGuid = {9B9E9EF7-FD78-47E4-B9BF-67E8F55D9AE1}
	EndGlobalSection
EndGlobal
